
Microsoft Visual Studio Solution File, Format Version 12.00
# Visual Studio Version 16
VisualStudioVersion = 16.0.31229.75
MinimumVisualStudioVersion = 10.0.40219.1
Project("{FAE04EC0-301F-11D3-BF4B-00C04F79EFBC}") = "Namespaces.Graphics2D", "Namespaces.Graphics2D\Namespaces.Graphics2D.csproj", "{B2A64EFA-C204-40DD-9B6B-13BC089E2BC6}"
EndProject
Project("{FAE04EC0-301F-11D3-BF4B-00C04F79EFBC}") = "Namespaces.Graphics3D", "Namespaces.Graphics3D\Namespaces.Graphics3D.csproj", "{252C0165-C6B8-4114-B3B0-54AE714E72F8}"
EndProject
Project("{FAE04EC0-301F-11D3-BF4B-00C04F79EFBC}") = "Namespaces.Main", "Namespaces.Main\Namespaces.Main.csproj", "{BF3DA0DA-991E-4E51-82E5-9358170E8B91}"
EndProject
Global
	GlobalSection(SolutionConfigurationPlatforms) = preSolution
		Debug|Any CPU = Debug|Any CPU
		Release|Any CPU = Release|Any CPU
	EndGlobalSection
	GlobalSection(ProjectConfigurationPlatforms) = postSolution
		{B2A64EFA-C204-40DD-9B6B-13BC089E2BC6}.Debug|Any CPU.ActiveCfg = Debug|Any CPU
		{B2A64EFA-C204-40DD-9B6B-13BC089E2BC6}.Debug|Any CPU.Build.0 = Debug|Any CPU
		{B2A64EFA-C204-40DD-9B6B-13BC089E2BC6}.Release|Any CPU.ActiveCfg = Release|Any CPU
		{B2A64EFA-C204-40DD-9B6B-13BC089E2BC6}.Release|Any CPU.Build.0 = Release|Any CPU
		{252C0165-C6B8-4114-B3B0-54AE714E72F8}.Debug|Any CPU.ActiveCfg = Debug|Any CPU
		{252C0165-C6B8-4114-B3B0-54AE714E72F8}.Debug|Any CPU.Build.0 = Debug|Any CPU
		{252C0165-C6B8-4114-B3B0-54AE714E72F8}.Release|Any CPU.ActiveCfg = Release|Any CPU
		{252C0165-C6B8-4114-B3B0-54AE714E72F8}.Release|Any CPU.Build.0 = Release|Any CPU
		{BF3DA0DA-991E-4E51-82E5-9358170E8B91}.Debug|Any CPU.ActiveCfg = Debug|Any CPU
		{BF3DA0DA-991E-4E51-82E5-9358170E8B91}.Debug|Any CPU.Build.0 = Debug|Any CPU
		{BF3DA0DA-991E-4E51-82E5-9358170E8B91}.Release|Any CPU.ActiveCfg = Release|Any CPU
		{BF3DA0DA-991E-4E51-82E5-9358170E8B91}.Release|Any CPU.Build.0 = Release|Any CPU
	EndGlobalSection
	GlobalSection(SolutionProperties) = preSolution
		HideSolutionNode = FALSE
	EndGlobalSection
	GlobalSection(ExtensibilityGlobals) = postSolution
		SolutionGuid = {9890CB1F-D42C-4089-A4C4-59D8FCB5305D}
	EndGlobalSection
EndGlobal
